
Microsoft Visual Studio Solution File, Format Version 12.00
# Visual Studio 15
VisualStudioVersion = 15.0.28307.489
MinimumVisualStudioVersion = 10.0.40219.1
Project("{FAE04EC0-301F-11D3-BF4B-00C04F79EFBC}") = "PrintPOC", "PrintPOC\PrintPOC.csproj", "{880EC1C0-90AA-44DE-A504-0FDCE9FADEAA}"
EndProject
Global
	GlobalSection(SolutionConfigurationPlatforms) = preSolution
		Debug|Any CPU = Debug|Any CPU
		Release|Any CPU = Release|Any CPU
	EndGlobalSection
	GlobalSection(ProjectConfigurationPlatforms) = postSolution
		{880EC1C0-90AA-44DE-A504-0FDCE9FADEAA}.Debug|Any CPU.ActiveCfg = Debug|Any CPU
		{880EC1C0-90AA-44DE-A504-0FDCE9FADEAA}.Debug|Any CPU.Build.0 = Debug|Any CPU
		{880EC1C0-90AA-44DE-A504-0FDCE9FADEAA}.Release|Any CPU.ActiveCfg = Release|Any CPU
		{880EC1C0-90AA-44DE-A504-0FDCE9FADEAA}.Release|Any CPU.Build.0 = Release|Any CPU
	EndGlobalSection
	GlobalSection(SolutionProperties) = preSolution
		HideSolutionNode = FALSE
	EndGlobalSection
	GlobalSection(ExtensibilityGlobals) = postSolution
		SolutionGuid = {52D690DB-2374-4813-9704-A7EE6E53EBF7}
	EndGlobalSection
EndGlobal
